{
  "name": "tailwindcss_demo",
  "version": "0.0.0",
  "lockfileVersion": 1,
  "requires": true,
  "dependencies": {
    "@babel/parser": {
      "version": "7.20.3",
      "resolved": "https://artifactory.g.devqa.gcp.dev.paypalinc.com/artifactory/api/npm/npm-all/@babel/parser/-/parser-7.20.3.tgz",
      "integrity": "sha1-U1jPYuOAz2nvy4enu5Iv+Iv6xuI="
    },
    "@esbuild/android-arm": {
      "version": "0.15.16",
      "resolved": "https://artifactory.g.devqa.gcp.dev.paypalinc.com/artifactory/api/npm/npm-all/@esbuild/android-arm/-/android-arm-0.15.16.tgz",
      "integrity": "sha1-BkKSYXixXj0VRe+ubu4FxPNFHRU=",
      "dev": true,
      "optional": true
    },
    "@esbuild/linux-loong64": {
      "version": "0.15.16",
      "resolved": "https://artifactory.g.devqa.gcp.dev.paypalinc.com/artifactory/api/npm/npm-all/@esbuild/linux-loong64/-/linux-loong64-0.15.16.tgz",
      "integrity": "sha1-KEUi3nar6VHk7SvSSkZ+jUnGeTM=",
      "dev": true,
      "optional": true
    },
    "@nodelib/fs.scandir": {
      "version": "2.1.5",
      "resolved": "https://artifactory.g.devqa.gcp.dev.paypalinc.com/artifactory/api/npm/npm-all/@nodelib/fs.scandir/-/fs.scandir-2.1.5.tgz",
      "integrity": "sha1-dhnC6yGyVIP20WdUi0z9WnSIw9U=",
      "dev": true,
      "requires": {
        "@nodelib/fs.stat": "2.0.5",
        "run-parallel": "^1.1.9"
      }
    },
    "@nodelib/fs.stat": {
      "version": "2.0.5",
      "resolved": "https://artifactory.g.devqa.gcp.dev.paypalinc.com/artifactory/api/npm/npm-all/@nodelib/fs.stat/-/fs.stat-2.0.5.tgz",
      "integrity": "sha1-W9Jir5Tp0lvR5xsF3u1Eh2oiLos=",
      "dev": true
    },
    "@nodelib/fs.walk": {
      "version": "1.2.8",
      "resolved": "https://artifactory.g.devqa.gcp.dev.paypalinc.com/artifactory/api/npm/npm-all/@nodelib/fs.walk/-/fs.walk-1.2.8.tgz",
      "integrity": "sha1-6Vc36LtnRt3t9pxVaVNJTxlv5po=",
      "dev": true,
      "requires": {
        "@nodelib/fs.scandir": "2.1.5",
        "fastq": "^1.6.0"
      }
    },
    "@vitejs/plugin-vue": {
      "version": "3.2.0",
      "resolved": "https://artifactory.g.devqa.gcp.dev.paypalinc.com/artifactory/api/npm/npm-all/@vitejs/plugin-vue/-/plugin-vue-3.2.0.tgz",
      "integrity": "sha1-oUhAid2F1lKPQ1dD+EzdDSFbu1Q=",
      "dev": true
    },
    "@volar/language-core": {
      "version": "1.0.9",
      "resolved": "https://artifactory.g.devqa.gcp.dev.paypalinc.com/artifactory/api/npm/npm-all/@volar/language-core/-/language-core-1.0.9.tgz",
      "integrity": "sha1-0SRWspTR5bOSiyLlIUyOcUHuLOE=",
      "dev": true,
      "requires": {
        "@volar/source-map": "1.0.9",
        "@vue/reactivity": "^3.2.40",
        "muggle-string": "^0.1.0"
      }
    },
    "@volar/source-map": {
      "version": "1.0.9",
      "resolved": "https://artifactory.g.devqa.gcp.dev.paypalinc.com/artifactory/api/npm/npm-all/@volar/source-map/-/source-map-1.0.9.tgz",
      "integrity": "sha1-AKqVHT1/m4QvhOKKsqGDGrO1uVo=",
      "dev": true,
      "requires": {
        "muggle-string": "^0.1.0"
      }
    },
    "@volar/typescript": {
      "version": "1.0.9",
      "resolved": "https://artifactory.g.devqa.gcp.dev.paypalinc.com/artifactory/api/npm/npm-all/@volar/typescript/-/typescript-1.0.9.tgz",
      "integrity": "sha1-nAqLXXnAoDQTdVSZ0hHByAAawMw=",
      "dev": true,
      "requires": {
        "@volar/language-core": "1.0.9"
      }
    },
    "@volar/vue-language-core": {
      "version": "1.0.9",
      "resolved": "https://artifactory.g.devqa.gcp.dev.paypalinc.com/artifactory/api/npm/npm-all/@volar/vue-language-core/-/vue-language-core-1.0.9.tgz",
      "integrity": "sha1-nrfDBlLIDyEPygca7up5SHODXto=",
      "dev": true,
      "requires": {
        "@volar/language-core": "1.0.9",
        "@volar/source-map": "1.0.9",
        "@vue/compiler-dom": "^3.2.40",
        "@vue/compiler-sfc": "^3.2.40",
        "@vue/reactivity": "^3.2.40",
        "@vue/shared": "^3.2.40",
        "minimatch": "^5.1.0",
        "vue-template-compiler": "^2.7.10"
      }
    },
    "@volar/vue-typescript": {
      "version": "1.0.9",
      "resolved": "https://artifactory.g.devqa.gcp.dev.paypalinc.com/artifactory/api/npm/npm-all/@volar/vue-typescript/-/vue-typescript-1.0.9.tgz",
      "integrity": "sha1-R65EJCg+xCwLMyGk771MUF3j/hY=",
      "dev": true,
      "requires": {
        "@volar/typescript": "1.0.9",
        "@volar/vue-language-core": "1.0.9"
      }
    },
    "@vue/compiler-core": {
      "version": "3.2.45",
      "resolved": "https://artifactory.g.devqa.gcp.dev.paypalinc.com/artifactory/api/npm/npm-all/@vue/compiler-core/-/compiler-core-3.2.45.tgz",
      "integrity": "sha1-2TESB9lvbr1fRmC+Ep+5nwHdtBs=",
      "requires": {
        "@babel/parser": "^7.16.4",
        "@vue/shared": "3.2.45",
        "estree-walker": "^2.0.2",
        "source-map": "^0.6.1"
      }
    },
    "@vue/compiler-dom": {
      "version": "3.2.45",
      "resolved": "https://artifactory.g.devqa.gcp.dev.paypalinc.com/artifactory/api/npm/npm-all/@vue/compiler-dom/-/compiler-dom-3.2.45.tgz",
      "integrity": "sha1-xDzBXlDaYuzBakLyYi0l3F/Zfc4=",
      "requires": {
        "@vue/compiler-core": "3.2.45",
        "@vue/shared": "3.2.45"
      }
    },
    "@vue/compiler-sfc": {
      "version": "3.2.45",
      "resolved": "https://artifactory.g.devqa.gcp.dev.paypalinc.com/artifactory/api/npm/npm-all/@vue/compiler-sfc/-/compiler-sfc-3.2.45.tgz",
      "integrity": "sha1-f3mJzATsnnxVrNQGgnosTpaHLHA=",
      "requires": {
        "@babel/parser": "^7.16.4",
        "@vue/compiler-core": "3.2.45",
        "@vue/compiler-dom": "3.2.45",
        "@vue/compiler-ssr": "3.2.45",
        "@vue/reactivity-transform": "3.2.45",
        "@vue/shared": "3.2.45",
        "estree-walker": "^2.0.2",
        "magic-string": "^0.25.7",
        "postcss": "^8.1.10",
        "source-map": "^0.6.1"
      }
    },
    "@vue/compiler-ssr": {
      "version": "3.2.45",
      "resolved": "https://artifactory.g.devqa.gcp.dev.paypalinc.com/artifactory/api/npm/npm-all/@vue/compiler-ssr/-/compiler-ssr-3.2.45.tgz",
      "integrity": "sha1-vSBgS25k6hU0TVtieMQUEZHJg7I=",
      "requires": {
        "@vue/compiler-dom": "3.2.45",
        "@vue/shared": "3.2.45"
      }
    },
    "@vue/reactivity": {
      "version": "3.2.45",
      "resolved": "https://artifactory.g.devqa.gcp.dev.paypalinc.com/artifactory/api/npm/npm-all/@vue/reactivity/-/reactivity-3.2.45.tgz",
      "integrity": "sha1-QSpFtXTeYBvlpKXZqMvU3uRmL/A=",
      "requires": {
        "@vue/shared": "3.2.45"
      }
    },
    "@vue/reactivity-transform": {
      "version": "3.2.45",
      "resolved": "https://artifactory.g.devqa.gcp.dev.paypalinc.com/artifactory/api/npm/npm-all/@vue/reactivity-transform/-/reactivity-transform-3.2.45.tgz",
      "integrity": "sha1-B6yDuBOFUMg9+1DbQ83h4OXoEk0=",
      "requires": {
        "@babel/parser": "^7.16.4",
        "@vue/compiler-core": "3.2.45",
        "@vue/shared": "3.2.45",
        "estree-walker": "^2.0.2",
        "magic-string": "^0.25.7"
      }
    },
    "@vue/runtime-core": {
      "version": "3.2.45",
      "resolved": "https://artifactory.g.devqa.gcp.dev.paypalinc.com/artifactory/api/npm/npm-all/@vue/runtime-core/-/runtime-core-3.2.45.tgz",
      "integrity": "sha1-etfvmyUZ1BBiowxvoAHsQ6xUnH8=",
      "requires": {
        "@vue/reactivity": "3.2.45",
        "@vue/shared": "3.2.45"
      }
    },
    "@vue/runtime-dom": {
      "version": "3.2.45",
      "resolved": "https://artifactory.g.devqa.gcp.dev.paypalinc.com/artifactory/api/npm/npm-all/@vue/runtime-dom/-/runtime-dom-3.2.45.tgz",
      "integrity": "sha1-Gi727irYdiBvu+KohFVLui0Pr1k=",
      "requires": {
        "@vue/runtime-core": "3.2.45",
        "@vue/shared": "3.2.45",
        "csstype": "^2.6.8"
      }
    },
    "@vue/server-renderer": {
      "version": "3.2.45",
      "resolved": "https://artifactory.g.devqa.gcp.dev.paypalinc.com/artifactory/api/npm/npm-all/@vue/server-renderer/-/server-renderer-3.2.45.tgz",
      "integrity": "sha1-ypMGoMErBTCholDkT0oKusa4Hz8=",
      "requires": {
        "@vue/compiler-ssr": "3.2.45",
        "@vue/shared": "3.2.45"
      }
    },
    "@vue/shared": {
      "version": "3.2.45",
      "resolved": "https://artifactory.g.devqa.gcp.dev.paypalinc.com/artifactory/api/npm/npm-all/@vue/shared/-/shared-3.2.45.tgz",
      "integrity": "sha1-o//6dInq//ONmE4j0CNuIwyBi8I="
    },
    "acorn": {
      "version": "7.4.1",
      "resolved": "https://artifactory.g.devqa.gcp.dev.paypalinc.com/artifactory/api/npm/npm-all/acorn/-/acorn-7.4.1.tgz",
      "integrity": "sha1-/q7SVZc9LndVW4PbwIhRpsY1IPo=",
      "dev": true
    },
    "acorn-node": {
      "version": "1.8.2",
      "resolved": "https://artifactory.g.devqa.gcp.dev.paypalinc.com/artifactory/api/npm/npm-all/acorn-node/-/acorn-node-1.8.2.tgz",
      "integrity": "sha1-EUyV1kU55T3t4j3oudlt98euKvg=",
      "dev": true,
      "requires": {
        "acorn": "^7.0.0",
        "acorn-walk": "^7.0.0",
        "xtend": "^4.0.2"
      }
    },
    "acorn-walk": {
      "version": "7.2.0",
      "resolved": "https://artifactory.g.devqa.gcp.dev.paypalinc.com/artifactory/api/npm/npm-all/acorn-walk/-/acorn-walk-7.2.0.tgz",
      "integrity": "sha1-DeiJpgEgOQmw++B7iTjcIdLpZ7w=",
      "dev": true
    },
    "anymatch": {
      "version": "3.1.3",
      "resolved": "https://artifactory.g.devqa.gcp.dev.paypalinc.com/artifactory/api/npm/npm-all/anymatch/-/anymatch-3.1.3.tgz",
      "integrity": "sha1-eQxYsZuhcgqEIFtXxhjVrYUklz4=",
      "dev": true,
      "requires": {
        "normalize-path": "^3.0.0",
        "picomatch": "^2.0.4"
      }
    },
    "arg": {
      "version": "5.0.2",
      "resolved": "https://artifactory.g.devqa.gcp.dev.paypalinc.com/artifactory/api/npm/npm-all/arg/-/arg-5.0.2.tgz",
      "integrity": "sha1-yBQzzEJ8ksTc9IZRQtvKbxWs1Zw=",
      "dev": true
    },
    "autoprefixer": {
      "version": "10.4.13",
      "resolved": "https://artifactory.g.devqa.gcp.dev.paypalinc.com/artifactory/api/npm/npm-all/autoprefixer/-/autoprefixer-10.4.13.tgz",
      "integrity": "sha1-tRNrWZMCCaMh6fo9yi58TSI+g6g=",
      "dev": true,
      "requires": {
        "browserslist": "^4.21.4",
        "caniuse-lite": "^1.0.30001426",
        "fraction.js": "^4.2.0",
        "normalize-range": "^0.1.2",
        "picocolors": "^1.0.0",
        "postcss-value-parser": "^4.2.0"
      }
    },
    "balanced-match": {
      "version": "1.0.2",
      "resolved": "https://artifactory.g.devqa.gcp.dev.paypalinc.com/artifactory/api/npm/npm-all/balanced-match/-/balanced-match-1.0.2.tgz",
      "integrity": "sha1-6D46fj8wCzTLnYf2FfoMvzV2kO4=",
      "dev": true
    },
    "binary-extensions": {
      "version": "2.2.0",
      "resolved": "https://artifactory.g.devqa.gcp.dev.paypalinc.com/artifactory/api/npm/npm-all/binary-extensions/-/binary-extensions-2.2.0.tgz",
      "integrity": "sha1-dfUC7q+f/eQvyYgpZFvk6na9ni0=",
      "dev": true
    },
    "brace-expansion": {
      "version": "2.0.1",
      "resolved": "https://artifactory.g.devqa.gcp.dev.paypalinc.com/artifactory/api/npm/npm-all/brace-expansion/-/brace-expansion-2.0.1.tgz",
      "integrity": "sha1-HtxFng8MVISG7Pn8mfIiE2S5oK4=",
      "dev": true,
      "requires": {
        "balanced-match": "^1.0.0"
      }
    },
    "braces": {
      "version": "3.0.2",
      "resolved": "https://artifactory.g.devqa.gcp.dev.paypalinc.com/artifactory/api/npm/npm-all/braces/-/braces-3.0.2.tgz",
      "integrity": "sha1-NFThpGLujVmeI23zNs2epPiv4Qc=",
      "dev": true,
      "requires": {
        "fill-range": "^7.0.1"
      }
    },
    "browserslist": {
      "version": "4.21.4",
      "resolved": "https://artifactory.g.devqa.gcp.dev.paypalinc.com/artifactory/api/npm/npm-all/browserslist/-/browserslist-4.21.4.tgz",
      "integrity": "sha1-50lrvGe5453Q+YVl/szcsNT/aYc=",
      "dev": true,
      "requires": {
        "caniuse-lite": "^1.0.30001400",
        "electron-to-chromium": "^1.4.251",
        "node-releases": "^2.0.6",
        "update-browserslist-db": "^1.0.9"
      }
    },
    "camelcase-css": {
      "version": "2.0.1",
      "resolved": "https://artifactory.g.devqa.gcp.dev.paypalinc.com/artifactory/api/npm/npm-all/camelcase-css/-/camelcase-css-2.0.1.tgz",
      "integrity": "sha1-7pePaUeRTMMMa0R0G27R338EP9U=",
      "dev": true
    },
    "caniuse-lite": {
      "version": "1.0.30001434",
      "resolved": "https://artifactory.g.devqa.gcp.dev.paypalinc.com/artifactory/api/npm/npm-all/caniuse-lite/-/caniuse-lite-1.0.30001434.tgz",
      "integrity": "sha1-7B7Bz7CpOjSgYA03kDhTAwUgpOU=",
      "dev": true
    },
    "chokidar": {
      "version": "3.5.3",
      "resolved": "https://artifactory.g.devqa.gcp.dev.paypalinc.com/artifactory/api/npm/npm-all/chokidar/-/chokidar-3.5.3.tgz",
      "integrity": "sha1-HPN8hwe5Mr0a8a4iwEMuKs0ZA70=",
      "dev": true,
      "requires": {
        "anymatch": "~3.1.2",
        "braces": "~3.0.2",
        "fsevents": "~2.3.2",
        "glob-parent": "~5.1.2",
        "is-binary-path": "~2.1.0",
        "is-glob": "~4.0.1",
        "normalize-path": "~3.0.0",
        "readdirp": "~3.6.0"
      },
      "dependencies": {
        "glob-parent": {
          "version": "5.1.2",
          "resolved": "https://artifactory.g.devqa.gcp.dev.paypalinc.com/artifactory/api/npm/npm-all/glob-parent/-/glob-parent-5.1.2.tgz",
          "integrity": "sha1-hpgyxYA0/mikCTwX3BXoNA2EAcQ=",
          "dev": true,
          "requires": {
            "is-glob": "^4.0.1"
          }
        }
      }
    },
    "color-name": {
      "version": "1.1.4",
      "resolved": "https://artifactory.g.devqa.gcp.dev.paypalinc.com/artifactory/api/npm/npm-all/color-name/-/color-name-1.1.4.tgz",
      "integrity": "sha1-wqCah6y95pVD3m9j+jmVyCbFNqI=",
      "dev": true
    },
    "cssesc": {
      "version": "3.0.0",
      "resolved": "https://artifactory.g.devqa.gcp.dev.paypalinc.com/artifactory/api/npm/npm-all/cssesc/-/cssesc-3.0.0.tgz",
      "integrity": "sha1-N3QZGZA7hoVl4cCep0dEXNGJg+4=",
      "dev": true
    },
    "csstype": {
      "version": "2.6.21",
      "resolved": "https://artifactory.g.devqa.gcp.dev.paypalinc.com/artifactory/api/npm/npm-all/csstype/-/csstype-2.6.21.tgz",
      "integrity": "sha1-LvuFt8xVyAAXxmpa18vZMf2jqQ4="
    },
    "de-indent": {
      "version": "1.0.2",
      "resolved": "https://artifactory.g.devqa.gcp.dev.paypalinc.com/artifactory/api/npm/npm-all/de-indent/-/de-indent-1.0.2.tgz",
      "integrity": "sha1-sgOOhG3DO6pXlhKNCAS0VbjB4h0=",
      "dev": true
    },
    "defined": {
      "version": "1.0.1",
      "resolved": "https://artifactory.g.devqa.gcp.dev.paypalinc.com/artifactory/api/npm/npm-all/defined/-/defined-1.0.1.tgz",
      "integrity": "sha1-wLnbJ7+v/ZXW9hOZQZuJPfD5Hr8=",
      "dev": true
    },
    "detective": {
      "version": "5.2.1",
      "resolved": "https://artifactory.g.devqa.gcp.dev.paypalinc.com/artifactory/api/npm/npm-all/detective/-/detective-5.2.1.tgz",
      "integrity": "sha1-avAe7aEQFayw5z+TMkK3DyT5EDQ=",
      "dev": true,
      "requires": {
        "acorn-node": "^1.8.2",
        "defined": "^1.0.0",
        "minimist": "^1.2.6"
      }
    },
    "didyoumean": {
      "version": "1.2.2",
      "resolved": "https://artifactory.g.devqa.gcp.dev.paypalinc.com/artifactory/api/npm/npm-all/didyoumean/-/didyoumean-1.2.2.tgz",
      "integrity": "sha1-mJNG/+noObRVXs9WZu3qDT6K0Dc=",
      "dev": true
    },
    "dlv": {
      "version": "1.1.3",
      "resolved": "https://artifactory.g.devqa.gcp.dev.paypalinc.com/artifactory/api/npm/npm-all/dlv/-/dlv-1.1.3.tgz",
      "integrity": "sha1-XBmKihFFNZbnUUlNSYdLx3MvLnk=",
      "dev": true
    },
    "electron-to-chromium": {
      "version": "1.4.284",
      "resolved": "https://artifactory.g.devqa.gcp.dev.paypalinc.com/artifactory/api/npm/npm-all/electron-to-chromium/-/electron-to-chromium-1.4.284.tgz",
      "integrity": "sha1-YQRtHkyrOiUjj2v3QTeVJw8SVZI=",
      "dev": true
    },
    "esbuild": {
      "version": "0.15.16",
      "resolved": "https://artifactory.g.devqa.gcp.dev.paypalinc.com/artifactory/api/npm/npm-all/esbuild/-/esbuild-0.15.16.tgz",
      "integrity": "sha1-WTJOVmeYW/au6KkepXa672hyzyE=",
      "dev": true,
      "requires": {
        "@esbuild/android-arm": "0.15.16",
        "@esbuild/linux-loong64": "0.15.16",
        "esbuild-android-64": "0.15.16",
        "esbuild-android-arm64": "0.15.16",
        "esbuild-darwin-64": "0.15.16",
        "esbuild-darwin-arm64": "0.15.16",
        "esbuild-freebsd-64": "0.15.16",
        "esbuild-freebsd-arm64": "0.15.16",
        "esbuild-linux-32": "0.15.16",
        "esbuild-linux-64": "0.15.16",
        "esbuild-linux-arm": "0.15.16",
        "esbuild-linux-arm64": "0.15.16",
        "esbuild-linux-mips64le": "0.15.16",
        "esbuild-linux-ppc64le": "0.15.16",
        "esbuild-linux-riscv64": "0.15.16",
        "esbuild-linux-s390x": "0.15.16",
        "esbuild-netbsd-64": "0.15.16",
        "esbuild-openbsd-64": "0.15.16",
        "esbuild-sunos-64": "0.15.16",
        "esbuild-windows-32": "0.15.16",
        "esbuild-windows-64": "0.15.16",
        "esbuild-windows-arm64": "0.15.16"
      }
    },
    "esbuild-android-64": {
      "version": "0.15.16",
      "resolved": "https://artifactory.g.devqa.gcp.dev.paypalinc.com/artifactory/api/npm/npm-all/esbuild-android-64/-/esbuild-android-64-0.15.16.tgz",
      "integrity": "sha1-DWoW+hvqRB1Rg5dvFjMYPCWnZNU=",
      "dev": true,
      "optional": true
    },
    "esbuild-android-arm64": {
      "version": "0.15.16",
      "resolved": "https://artifactory.g.devqa.gcp.dev.paypalinc.com/artifactory/api/npm/npm-all/esbuild-android-arm64/-/esbuild-android-arm64-0.15.16.tgz",
      "integrity": "sha1-eGQ7u/OW0m0guh8vzf82GMfAM+k=",
      "dev": true,
      "optional": true
    },
    "esbuild-darwin-64": {
      "version": "0.15.16",
      "resolved": "https://artifactory.g.devqa.gcp.dev.paypalinc.com/artifactory/api/npm/npm-all/esbuild-darwin-64/-/esbuild-darwin-64-0.15.16.tgz",
      "integrity": "sha1-3j6RgJ3NH/tkQJ4vmQu4bjPk/9g=",
      "dev": true,
      "optional": true
    },
    "esbuild-darwin-arm64": {
      "version": "0.15.16",
      "resolved": "https://artifactory.g.devqa.gcp.dev.paypalinc.com/artifactory/api/npm/npm-all/esbuild-darwin-arm64/-/esbuild-darwin-arm64-0.15.16.tgz",
      "integrity": "sha1-vJzI1REJ2OnbT/4sBk3VPR61oqY=",
      "dev": true,
      "optional": true
    },
    "esbuild-freebsd-64": {
      "version": "0.15.16",
      "resolved": "https://artifactory.g.devqa.gcp.dev.paypalinc.com/artifactory/api/npm/npm-all/esbuild-freebsd-64/-/esbuild-freebsd-64-0.15.16.tgz",
      "integrity": "sha1-+MVMZ5wW6bIKG/hgypG6cA1snF0=",
      "dev": true,
      "optional": true
    },
    "esbuild-freebsd-arm64": {
      "version": "0.15.16",
      "resolved": "https://artifactory.g.devqa.gcp.dev.paypalinc.com/artifactory/api/npm/npm-all/esbuild-freebsd-arm64/-/esbuild-freebsd-arm64-0.15.16.tgz",
      "integrity": "sha1-3SilXfDwYuLBYoJmAIQ0wy3cet8=",
      "dev": true,
      "optional": true
    },
    "esbuild-linux-32": {
      "version": "0.15.16",
      "resolved": "https://artifactory.g.devqa.gcp.dev.paypalinc.com/artifactory/api/npm/npm-all/esbuild-linux-32/-/esbuild-linux-32-0.15.16.tgz",
      "integrity": "sha1-QesLm0mzQwucxFd/GtPUFO9w+AY=",
      "dev": true,
      "optional": true
    },
    "esbuild-linux-64": {
      "version": "0.15.16",
      "resolved": "https://artifactory.g.devqa.gcp.dev.paypalinc.com/artifactory/api/npm/npm-all/esbuild-linux-64/-/esbuild-linux-64-0.15.16.tgz",
      "integrity": "sha1-svsMfUm3pXmy3ib79MevsYNfIHM=",
      "dev": true,
      "optional": true
    },
    "esbuild-linux-arm": {
      "version": "0.15.16",
      "resolved": "https://artifactory.g.devqa.gcp.dev.paypalinc.com/artifactory/api/npm/npm-all/esbuild-linux-arm/-/esbuild-linux-arm-0.15.16.tgz",
      "integrity": "sha1-aWPwYaK3eKrX3yv7b6MtGQQxP38=",
      "dev": true,
      "optional": true
    },
    "esbuild-linux-arm64": {
      "version": "0.15.16",
      "resolved": "https://artifactory.g.devqa.gcp.dev.paypalinc.com/artifactory/api/npm/npm-all/esbuild-linux-arm64/-/esbuild-linux-arm64-0.15.16.tgz",
      "integrity": "sha1-eP7TdFsgJR/DvcjbNeoHgemw58Y=",
      "dev": true,
      "optional": true
    },
    "esbuild-linux-mips64le": {
      "version": "0.15.16",
      "resolved": "https://artifactory.g.devqa.gcp.dev.paypalinc.com/artifactory/api/npm/npm-all/esbuild-linux-mips64le/-/esbuild-linux-mips64le-0.15.16.tgz",
      "integrity": "sha1-4q7TUn5VH4GCxrD8igRXJv2YrYc=",
      "dev": true,
      "optional": true
    },
    "esbuild-linux-ppc64le": {
      "version": "0.15.16",
      "resolved": "https://artifactory.g.devqa.gcp.dev.paypalinc.com/artifactory/api/npm/npm-all/esbuild-linux-ppc64le/-/esbuild-linux-ppc64le-0.15.16.tgz",
      "integrity": "sha1-+jCVsklQ9jQI9G80ttmgc+2I1T8=",
      "dev": true,
      "optional": true
    },
    "esbuild-linux-riscv64": {
      "version": "0.15.16",
      "resolved": "https://artifactory.g.devqa.gcp.dev.paypalinc.com/artifactory/api/npm/npm-all/esbuild-linux-riscv64/-/esbuild-linux-riscv64-0.15.16.tgz",
      "integrity": "sha1-GcAS3MVcnW0qOFWqd8LFIXGCzR4=",
      "dev": true,
      "optional": true
    },
    "esbuild-linux-s390x": {
      "version": "0.15.16",
      "resolved": "https://artifactory.g.devqa.gcp.dev.paypalinc.com/artifactory/api/npm/npm-all/esbuild-linux-s390x/-/esbuild-linux-s390x-0.15.16.tgz",
      "integrity": "sha1-qmH2R0DluYPMPrtBg6A99LQ1qHM=",
      "dev": true,
      "optional": true
    },
    "esbuild-netbsd-64": {
      "version": "0.15.16",
      "resolved": "https://artifactory.g.devqa.gcp.dev.paypalinc.com/artifactory/api/npm/npm-all/esbuild-netbsd-64/-/esbuild-netbsd-64-0.15.16.tgz",
      "integrity": "sha1-3/3BBMHyuvxCvj+qITdsCgkvVwI=",
      "dev": true,
      "optional": true
    },
    "esbuild-openbsd-64": {
      "version": "0.15.16",
      "resolved": "https://artifactory.g.devqa.gcp.dev.paypalinc.com/artifactory/api/npm/npm-all/esbuild-openbsd-64/-/esbuild-openbsd-64-0.15.16.tgz",
      "integrity": "sha1-5Zh/jtpV6l9u9iWK+xqDgVj4kLs=",
      "dev": true,
      "optional": true
    },
    "esbuild-sunos-64": {
      "version": "0.15.16",
      "resolved": "https://artifactory.g.devqa.gcp.dev.paypalinc.com/artifactory/api/npm/npm-all/esbuild-sunos-64/-/esbuild-sunos-64-0.15.16.tgz",
      "integrity": "sha1-YKCFqkt02QDk3owAqfziB5NzIKI=",
      "dev": true,
      "optional": true
    },
    "esbuild-windows-32": {
      "version": "0.15.16",
      "resolved": "https://artifactory.g.devqa.gcp.dev.paypalinc.com/artifactory/api/npm/npm-all/esbuild-windows-32/-/esbuild-windows-32-0.15.16.tgz",
      "integrity": "sha1-JPlOX7JD0hHH25oSmF/SiAupjKM=",
      "dev": true,
      "optional": true
    },
    "esbuild-windows-64": {
      "version": "0.15.16",
      "resolved": "https://artifactory.g.devqa.gcp.dev.paypalinc.com/artifactory/api/npm/npm-all/esbuild-windows-64/-/esbuild-windows-64-0.15.16.tgz",
      "integrity": "sha1-cdJNaNi2Ur9ak6bHRTwzRYT6IhE=",
      "dev": true,
      "optional": true
    },
    "esbuild-windows-arm64": {
      "version": "0.15.16",
      "resolved": "https://artifactory.g.devqa.gcp.dev.paypalinc.com/artifactory/api/npm/npm-all/esbuild-windows-arm64/-/esbuild-windows-arm64-0.15.16.tgz",
      "integrity": "sha1-d+gE1g3sA5D+jyFAHjm0NdXRuGM=",
      "dev": true,
      "optional": true
    },
    "escalade": {
      "version": "3.1.1",
      "resolved": "https://artifactory.g.devqa.gcp.dev.paypalinc.com/artifactory/api/npm/npm-all/escalade/-/escalade-3.1.1.tgz",
      "integrity": "sha1-2M/ccACWXFoBdLSoLqpcBVJ0LkA=",
      "dev": true
    },
    "estree-walker": {
      "version": "2.0.2",
      "resolved": "https://artifactory.g.devqa.gcp.dev.paypalinc.com/artifactory/api/npm/npm-all/estree-walker/-/estree-walker-2.0.2.tgz",
      "integrity": "sha1-UvAQF4wqTBF6d1fP6UKtt9LaTKw="
    },
    "fast-glob": {
      "version": "3.2.12",
      "resolved": "https://artifactory.g.devqa.gcp.dev.paypalinc.com/artifactory/api/npm/npm-all/fast-glob/-/fast-glob-3.2.12.tgz",
      "integrity": "sha1-fznsmcLmqwMDNxQtqeDBjzevroA=",
      "dev": true,
      "requires": {
        "@nodelib/fs.stat": "^2.0.2",
        "@nodelib/fs.walk": "^1.2.3",
        "glob-parent": "^5.1.2",
        "merge2": "^1.3.0",
        "micromatch": "^4.0.4"
      },
      "dependencies": {
        "glob-parent": {
          "version": "5.1.2",
          "resolved": "https://artifactory.g.devqa.gcp.dev.paypalinc.com/artifactory/api/npm/npm-all/glob-parent/-/glob-parent-5.1.2.tgz",
          "integrity": "sha1-hpgyxYA0/mikCTwX3BXoNA2EAcQ=",
          "dev": true,
          "requires": {
            "is-glob": "^4.0.1"
          }
        }
      }
    },
    "fastq": {
      "version": "1.13.0",
      "resolved": "https://artifactory.g.devqa.gcp.dev.paypalinc.com/artifactory/api/npm/npm-all/fastq/-/fastq-1.13.0.tgz",
      "integrity": "sha1-YWdg+Ip1Jr38WWt8q4wYk4w2uYw=",
      "dev": true,
      "requires": {
        "reusify": "^1.0.4"
      }
    },
    "fill-range": {
      "version": "7.0.1",
      "resolved": "https://artifactory.g.devqa.gcp.dev.paypalinc.com/artifactory/api/npm/npm-all/fill-range/-/fill-range-7.0.1.tgz",
      "integrity": "sha1-GRmmp8df44ssfHflGYU12prN2kA=",
      "dev": true,
      "requires": {
        "to-regex-range": "^5.0.1"
      }
    },
    "fraction.js": {
      "version": "4.2.0",
      "resolved": "https://artifactory.g.devqa.gcp.dev.paypalinc.com/artifactory/api/npm/npm-all/fraction.js/-/fraction.js-4.2.0.tgz",
      "integrity": "sha1-RI5RCaMTo1J/WjqyEZ7Ezw4OKVA=",
      "dev": true
    },
    "fsevents": {
      "version": "2.3.2",
      "resolved": "https://artifactory.g.devqa.gcp.dev.paypalinc.com/artifactory/api/npm/npm-all/fsevents/-/fsevents-2.3.2.tgz",
      "integrity": "sha1-ilJveLj99GI7cJ4Ll1xSwkwC/Ro=",
      "dev": true,
      "optional": true
    },
    "function-bind": {
      "version": "1.1.1",
      "resolved": "https://artifactory.g.devqa.gcp.dev.paypalinc.com/artifactory/api/npm/npm-all/function-bind/-/function-bind-1.1.1.tgz",
      "integrity": "sha1-pWiZ0+o8m6uHS7l3O3xe3pL0iV0=",
      "dev": true
    },
    "glob-parent": {
      "version": "6.0.2",
      "resolved": "https://artifactory.g.devqa.gcp.dev.paypalinc.com/artifactory/api/npm/npm-all/glob-parent/-/glob-parent-6.0.2.tgz",
      "integrity": "sha1-bSN9mQg5UMeSkPJMdkKj3poo+eM=",
      "dev": true,
      "requires": {
        "is-glob": "^4.0.3"
      }
    },
    "has": {
      "version": "1.0.3",
      "resolved": "https://artifactory.g.devqa.gcp.dev.paypalinc.com/artifactory/api/npm/npm-all/has/-/has-1.0.3.tgz",
      "integrity": "sha1-ci18v8H2qoJB8W3YFOAR4fQeh5Y=",
      "dev": true,
      "requires": {
        "function-bind": "^1.1.1"
      }
    },
    "he": {
      "version": "1.2.0",
      "resolved": "https://artifactory.g.devqa.gcp.dev.paypalinc.com/artifactory/api/npm/npm-all/he/-/he-1.2.0.tgz",
      "integrity": "sha1-hK5l+n6vsWX922FWauFLrwVmTw8=",
      "dev": true
    },
    "is-binary-path": {
      "version": "2.1.0",
      "resolved": "https://artifactory.g.devqa.gcp.dev.paypalinc.com/artifactory/api/npm/npm-all/is-binary-path/-/is-binary-path-2.1.0.tgz",
      "integrity": "sha1-6h9/O4DwZCNug0cPhsCcJU+0Wwk=",
      "dev": true,
      "requires": {
        "binary-extensions": "^2.0.0"
      }
    },
    "is-core-module": {
      "version": "2.11.0",
      "resolved": "https://artifactory.g.devqa.gcp.dev.paypalinc.com/artifactory/api/npm/npm-all/is-core-module/-/is-core-module-2.11.0.tgz",
      "integrity": "sha1-rUyz44Y+gUUjyW8/WNJsxXD/AUQ=",
      "dev": true,
      "requires": {
        "has": "^1.0.3"
      }
    },
    "is-extglob": {
      "version": "2.1.1",
      "resolved": "https://artifactory.g.devqa.gcp.dev.paypalinc.com/artifactory/api/npm/npm-all/is-extglob/-/is-extglob-2.1.1.tgz",
      "integrity": "sha1-qIwCU1eR8C7TfHahueqXc8gz+MI=",
      "dev": true
    },
    "is-glob": {
      "version": "4.0.3",
      "resolved": "https://artifactory.g.devqa.gcp.dev.paypalinc.com/artifactory/api/npm/npm-all/is-glob/-/is-glob-4.0.3.tgz",
      "integrity": "sha1-ZPYeQsu7LuwgcanawLKLoeZdUIQ=",
      "dev": true,
      "requires": {
        "is-extglob": "^2.1.1"
      }
    },
    "is-number": {
      "version": "7.0.0",
      "resolved": "https://artifactory.g.devqa.gcp.dev.paypalinc.com/artifactory/api/npm/npm-all/is-number/-/is-number-7.0.0.tgz",
      "integrity": "sha1-dTU0W4lnNNX4DE0GxQlVUnoU8Ss=",
      "dev": true
    },
    "lilconfig": {
      "version": "2.0.6",
      "resolved": "https://artifactory.g.devqa.gcp.dev.paypalinc.com/artifactory/api/npm/npm-all/lilconfig/-/lilconfig-2.0.6.tgz",
      "integrity": "sha1-MqOEVYvVivPUxuB33RrR05e8adQ=",
      "dev": true
    },
    "magic-string": {
      "version": "0.25.9",
      "resolved": "https://artifactory.g.devqa.gcp.dev.paypalinc.com/artifactory/api/npm/npm-all/magic-string/-/magic-string-0.25.9.tgz",
      "integrity": "sha1-3n+fr5HvihyR0CwuUxTIJ3283Rw=",
      "requires": {
        "sourcemap-codec": "^1.4.8"
      }
    },
    "merge2": {
      "version": "1.4.1",
      "resolved": "https://artifactory.g.devqa.gcp.dev.paypalinc.com/artifactory/api/npm/npm-all/merge2/-/merge2-1.4.1.tgz",
      "integrity": "sha1-Q2iJL4hekHRVpv19xVwMnUBJkK4=",
      "dev": true
    },
    "micromatch": {
      "version": "4.0.5",
      "resolved": "https://artifactory.g.devqa.gcp.dev.paypalinc.com/artifactory/api/npm/npm-all/micromatch/-/micromatch-4.0.5.tgz",
      "integrity": "sha1-vImZp8u/d83InxMvbkZwUbSQkMY=",
      "dev": true,
      "requires": {
        "braces": "^3.0.2",
        "picomatch": "^2.3.1"
      }
    },
    "minimatch": {
      "version": "5.1.0",
      "resolved": "https://artifactory.g.devqa.gcp.dev.paypalinc.com/artifactory/api/npm/npm-all/minimatch/-/minimatch-5.1.0.tgz",
      "integrity": "sha1-Fxe0ZPSXGxRPaqvo8tC45FEeCcc=",
      "dev": true,
      "requires": {
        "brace-expansion": "^2.0.1"
      }
    },
    "minimist": {
      "version": "1.2.7",
      "resolved": "https://artifactory.g.devqa.gcp.dev.paypalinc.com/artifactory/api/npm/npm-all/minimist/-/minimist-1.2.7.tgz",
      "integrity": "sha1-2qHE2R9Qc5BDfGqLwBB45wAMTRg=",
      "dev": true
    },
    "muggle-string": {
      "version": "0.1.0",
      "resolved": "https://artifactory.g.devqa.gcp.dev.paypalinc.com/artifactory/api/npm/npm-all/muggle-string/-/muggle-string-0.1.0.tgz",
      "integrity": "sha1-H9qKKByLJ7uLcEZtvJ8nWGqLqmw=",
      "dev": true
    },
    "nanoid": {
      "version": "3.3.4",
      "resolved": "https://artifactory.g.devqa.gcp.dev.paypalinc.com/artifactory/api/npm/npm-all/nanoid/-/nanoid-3.3.4.tgz",
      "integrity": "sha1-cwtn480J4t6s8DwCfIHJ2dvF6Ks="
    },
    "node-releases": {
      "version": "2.0.6",
      "resolved": "https://artifactory.g.devqa.gcp.dev.paypalinc.com/artifactory/api/npm/npm-all/node-releases/-/node-releases-2.0.6.tgz",
      "integrity": "sha1-inCIxjpV5JOEVoPr88go2MUcVQM=",
      "dev": true
    },
    "normalize-path": {
      "version": "3.0.0",
      "resolved": "https://artifactory.g.devqa.gcp.dev.paypalinc.com/artifactory/api/npm/npm-all/normalize-path/-/normalize-path-3.0.0.tgz",
      "integrity": "sha1-Dc1p/yOhybEf0JeDFmRKA4ghamU=",
      "dev": true
    },
    "normalize-range": {
      "version": "0.1.2",
      "resolved": "https://artifactory.g.devqa.gcp.dev.paypalinc.com/artifactory/api/npm/npm-all/normalize-range/-/normalize-range-0.1.2.tgz",
      "integrity": "sha1-LRDAa9/TEuqXd2laTShDlFa3WUI=",
      "dev": true
    },
    "object-hash": {
      "version": "3.0.0",
      "resolved": "https://artifactory.g.devqa.gcp.dev.paypalinc.com/artifactory/api/npm/npm-all/object-hash/-/object-hash-3.0.0.tgz",
      "integrity": "sha1-c/l/dT57r/wOLMnW4HkHl0Ssguk=",
      "dev": true
    },
    "path-parse": {
      "version": "1.0.7",
      "resolved": "https://artifactory.g.devqa.gcp.dev.paypalinc.com/artifactory/api/npm/npm-all/path-parse/-/path-parse-1.0.7.tgz",
      "integrity": "sha1-+8EUtgykKzDZ2vWFjkvWi77bZzU=",
      "dev": true
    },
    "picocolors": {
      "version": "1.0.0",
      "resolved": "https://artifactory.g.devqa.gcp.dev.paypalinc.com/artifactory/api/npm/npm-all/picocolors/-/picocolors-1.0.0.tgz",
      "integrity": "sha1-y1vcdP8/UYkiNur3nWi8RFZKuBw="
    },
    "picomatch": {
      "version": "2.3.1",
      "resolved": "https://artifactory.g.devqa.gcp.dev.paypalinc.com/artifactory/api/npm/npm-all/picomatch/-/picomatch-2.3.1.tgz",
      "integrity": "sha1-O6ODNzNkbZ0+SZWUbBNlpn+wekI=",
      "dev": true
    },
    "pify": {
      "version": "2.3.0",
      "resolved": "https://artifactory.g.devqa.gcp.dev.paypalinc.com/artifactory/api/npm/npm-all/pify/-/pify-2.3.0.tgz",
      "integrity": "sha1-7RQaasBDqEnqWISY59yosVMw6Qw=",
      "dev": true
    },
    "postcss": {
      "version": "8.4.19",
      "resolved": "https://artifactory.g.devqa.gcp.dev.paypalinc.com/artifactory/api/npm/npm-all/postcss/-/postcss-8.4.19.tgz",
      "integrity": "sha1-YReOKt0jaxc1GJfIvMC0yOyrVvw=",
      "requires": {
        "nanoid": "^3.3.4",
        "picocolors": "^1.0.0",
        "source-map-js": "^1.0.2"
      }
    },
    "postcss-import": {
      "version": "14.1.0",
      "resolved": "https://artifactory.g.devqa.gcp.dev.paypalinc.com/artifactory/api/npm/npm-all/postcss-import/-/postcss-import-14.1.0.tgz",
      "integrity": "sha1-pzM//jLwuHlTA+6eQCFdrJIngfA=",
      "dev": true,
      "requires": {
        "postcss-value-parser": "^4.0.0",
        "read-cache": "^1.0.0",
        "resolve": "^1.1.7"
      }
    },
    "postcss-js": {
      "version": "4.0.0",
      "resolved": "https://artifactory.g.devqa.gcp.dev.paypalinc.com/artifactory/api/npm/npm-all/postcss-js/-/postcss-js-4.0.0.tgz",
      "integrity": "sha1-Mdt5iJUxuA3HvJsK0oPkGNzgrAA=",
      "dev": true,
      "requires": {
        "camelcase-css": "^2.0.1"
      }
    },
    "postcss-load-config": {
      "version": "3.1.4",
      "resolved": "https://artifactory.g.devqa.gcp.dev.paypalinc.com/artifactory/api/npm/npm-all/postcss-load-config/-/postcss-load-config-3.1.4.tgz",
      "integrity": "sha1-GrJXH6+EuweId+HQeQXqvp69qFU=",
      "dev": true,
      "requires": {
        "lilconfig": "^2.0.5",
        "yaml": "^1.10.2"
      }
    },
    "postcss-nested": {
      "version": "6.0.0",
      "resolved": "https://artifactory.g.devqa.gcp.dev.paypalinc.com/artifactory/api/npm/npm-all/postcss-nested/-/postcss-nested-6.0.0.tgz",
      "integrity": "sha1-FXLxmEc2V482DP/H633KaeMNFzU=",
      "dev": true,
      "requires": {
        "postcss-selector-parser": "^6.0.10"
      }
    },
    "postcss-selector-parser": {
      "version": "6.0.11",
      "resolved": "https://artifactory.g.devqa.gcp.dev.paypalinc.com/artifactory/api/npm/npm-all/postcss-selector-parser/-/postcss-selector-parser-6.0.11.tgz",
      "integrity": "sha1-LkHcObetdARuFhUYUYXNCxfQyNw=",
      "dev": true,
      "requires": {
        "cssesc": "^3.0.0",
        "util-deprecate": "^1.0.2"
      }
    },
    "postcss-value-parser": {
      "version": "4.2.0",
      "resolved": "https://artifactory.g.devqa.gcp.dev.paypalinc.com/artifactory/api/npm/npm-all/postcss-value-parser/-/postcss-value-parser-4.2.0.tgz",
      "integrity": "sha1-cjwJkgg2um0+WvAZ+SvAlxwC5RQ=",
      "dev": true
    },
    "queue-microtask": {
      "version": "1.2.3",
      "resolved": "https://artifactory.g.devqa.gcp.dev.paypalinc.com/artifactory/api/npm/npm-all/queue-microtask/-/queue-microtask-1.2.3.tgz",
      "integrity": "sha1-SSkii7xyTfrEPg77BYyve2z7YkM=",
      "dev": true
    },
    "quick-lru": {
      "version": "5.1.1",
      "resolved": "https://artifactory.g.devqa.gcp.dev.paypalinc.com/artifactory/api/npm/npm-all/quick-lru/-/quick-lru-5.1.1.tgz",
      "integrity": "sha1-NmST5rPkKjpoheLpnRj4D7eoyTI=",
      "dev": true
    },
    "read-cache": {
      "version": "1.0.0",
      "resolved": "https://artifactory.g.devqa.gcp.dev.paypalinc.com/artifactory/api/npm/npm-all/read-cache/-/read-cache-1.0.0.tgz",
      "integrity": "sha1-5mTvMRYRZsl1HNvo28+GtftY93Q=",
      "dev": true,
      "requires": {
        "pify": "^2.3.0"
      }
    },
    "readdirp": {
      "version": "3.6.0",
      "resolved": "https://artifactory.g.devqa.gcp.dev.paypalinc.com/artifactory/api/npm/npm-all/readdirp/-/readdirp-3.6.0.tgz",
      "integrity": "sha1-dKNwvYVxFuJFspzJc0DNQxoCpsc=",
      "dev": true,
      "requires": {
        "picomatch": "^2.2.1"
      }
    },
    "resolve": {
      "version": "1.22.1",
      "resolved": "https://artifactory.g.devqa.gcp.dev.paypalinc.com/artifactory/api/npm/npm-all/resolve/-/resolve-1.22.1.tgz",
      "integrity": "sha1-J8suu1P5GrtJRwqSi7p1WAZqwXc=",
      "dev": true,
      "requires": {
        "is-core-module": "^2.9.0",
        "path-parse": "^1.0.7",
        "supports-preserve-symlinks-flag": "^1.0.0"
      }
    },
    "reusify": {
      "version": "1.0.4",
      "resolved": "https://artifactory.g.devqa.gcp.dev.paypalinc.com/artifactory/api/npm/npm-all/reusify/-/reusify-1.0.4.tgz",
      "integrity": "sha1-kNo4Kx4SbvwCFG6QhFqI2xKSXXY=",
      "dev": true
    },
    "rollup": {
      "version": "2.79.1",
      "resolved": "https://artifactory.g.devqa.gcp.dev.paypalinc.com/artifactory/api/npm/npm-all/rollup/-/rollup-2.79.1.tgz",
      "integrity": "sha1-vt7o+u98n5OiZHrAEIdI9Jfwgcc=",
      "dev": true,
      "requires": {
        "fsevents": "~2.3.2"
      }
    },
    "run-parallel": {
      "version": "1.2.0",
      "resolved": "https://artifactory.g.devqa.gcp.dev.paypalinc.com/artifactory/api/npm/npm-all/run-parallel/-/run-parallel-1.2.0.tgz",
      "integrity": "sha1-ZtE2jae9+SHrnZW9GpIp5/IaQ+4=",
      "dev": true,
      "requires": {
        "queue-microtask": "^1.2.2"
      }
    },
    "source-map": {
      "version": "0.6.1",
      "resolved": "https://artifactory.g.devqa.gcp.dev.paypalinc.com/artifactory/api/npm/npm-all/source-map/-/source-map-0.6.1.tgz",
      "integrity": "sha1-dHIq8y6WFOnCh6jQu95IteLxomM="
    },
    "source-map-js": {
      "version": "1.0.2",
      "resolved": "https://artifactory.g.devqa.gcp.dev.paypalinc.com/artifactory/api/npm/npm-all/source-map-js/-/source-map-js-1.0.2.tgz",
      "integrity": "sha1-rbw2HZxi3zgBJefxYfccgm8eSQw="
    },
    "sourcemap-codec": {
      "version": "1.4.8",
      "resolved": "https://artifactory.g.devqa.gcp.dev.paypalinc.com/artifactory/api/npm/npm-all/sourcemap-codec/-/sourcemap-codec-1.4.8.tgz",
      "integrity": "sha1-6oBL2UhXQC5pktBaOO8a41qatMQ="
    },
    "supports-preserve-symlinks-flag": {
      "version": "1.0.0",
      "resolved": "https://artifactory.g.devqa.gcp.dev.paypalinc.com/artifactory/api/npm/npm-all/supports-preserve-symlinks-flag/-/supports-preserve-symlinks-flag-1.0.0.tgz",
      "integrity": "sha1-btpL00SjyUrqN21MwxvHcxEDngk=",
      "dev": true
    },
    "tailwindcss": {
      "version": "3.2.4",
      "resolved": "https://artifactory.g.devqa.gcp.dev.paypalinc.com/artifactory/api/npm/npm-all/tailwindcss/-/tailwindcss-3.2.4.tgz",
      "integrity": "sha1-r+NHfnoZ886vtI5LCD4pLODcAlA=",
      "dev": true,
      "requires": {
        "arg": "^5.0.2",
        "chokidar": "^3.5.3",
        "color-name": "^1.1.4",
        "detective": "^5.2.1",
        "didyoumean": "^1.2.2",
        "dlv": "^1.1.3",
        "fast-glob": "^3.2.12",
        "glob-parent": "^6.0.2",
        "is-glob": "^4.0.3",
        "lilconfig": "^2.0.6",
        "micromatch": "^4.0.5",
        "normalize-path": "^3.0.0",
        "object-hash": "^3.0.0",
        "picocolors": "^1.0.0",
        "postcss": "^8.4.18",
        "postcss-import": "^14.1.0",
        "postcss-js": "^4.0.0",
        "postcss-load-config": "^3.1.4",
        "postcss-nested": "6.0.0",
        "postcss-selector-parser": "^6.0.10",
        "postcss-value-parser": "^4.2.0",
        "quick-lru": "^5.1.1",
        "resolve": "^1.22.1"
      }
    },
    "to-regex-range": {
      "version": "5.0.1",
      "resolved": "https://artifactory.g.devqa.gcp.dev.paypalinc.com/artifactory/api/npm/npm-all/to-regex-range/-/to-regex-range-5.0.1.tgz",
      "integrity": "sha1-FkjESq58jZiKMmAY7XL1tN0DkuQ=",
      "dev": true,
      "requires": {
        "is-number": "^7.0.0"
      }
    },
    "typescript": {
      "version": "4.9.3",
      "resolved": "https://artifactory.g.devqa.gcp.dev.paypalinc.com/artifactory/api/npm/npm-all/typescript/-/typescript-4.9.3.tgz",
      "integrity": "sha1-OuowfBdGuMOEQ12Kw2uKLlgNhds=",
      "dev": true
    },
    "update-browserslist-db": {
      "version": "1.0.10",
      "resolved": "https://artifactory.g.devqa.gcp.dev.paypalinc.com/artifactory/api/npm/npm-all/update-browserslist-db/-/update-browserslist-db-1.0.10.tgz",
      "integrity": "sha1-D1S4dlRXJvF9AM2aJWHm2t6UP/M=",
      "dev": true,
      "requires": {
        "escalade": "^3.1.1",
        "picocolors": "^1.0.0"
      }
    },
    "util-deprecate": {
      "version": "1.0.2",
      "resolved": "https://artifactory.g.devqa.gcp.dev.paypalinc.com/artifactory/api/npm/npm-all/util-deprecate/-/util-deprecate-1.0.2.tgz",
      "integrity": "sha1-RQ1Nyfpw3nMnYvvS1KKJgUGaDM8=",
      "dev": true
    },
    "vite": {
      "version": "3.2.4",
      "resolved": "https://artifactory.g.devqa.gcp.dev.paypalinc.com/artifactory/api/npm/npm-all/vite/-/vite-3.2.4.tgz",
      "integrity": "sha1-2MeJLdQmgGTgT/++fYZiB90kFm4=",
      "dev": true,
      "requires": {
        "esbuild": "^0.15.9",
        "fsevents": "~2.3.2",
        "postcss": "^8.4.18",
        "resolve": "^1.22.1",
        "rollup": "^2.79.1"
      }
    },
    "vue": {
      "version": "3.2.45",
      "resolved": "https://artifactory.g.devqa.gcp.dev.paypalinc.com/artifactory/api/npm/npm-all/vue/-/vue-3.2.45.tgz",
      "integrity": "sha1-lKEWeERH6329iSFneEYZ/vN5s8g=",
      "requires": {
        "@vue/compiler-dom": "3.2.45",
        "@vue/compiler-sfc": "3.2.45",
        "@vue/runtime-dom": "3.2.45",
        "@vue/server-renderer": "3.2.45",
        "@vue/shared": "3.2.45"
      }
    },
    "vue-template-compiler": {
      "version": "2.7.14",
      "resolved": "https://artifactory.g.devqa.gcp.dev.paypalinc.com/artifactory/api/npm/npm-all/vue-template-compiler/-/vue-template-compiler-2.7.14.tgz",
      "integrity": "sha1-RUW337iAkHRMFXeuWsP5ZOYWNLE=",
      "dev": true,
      "requires": {
        "de-indent": "^1.0.2",
        "he": "^1.2.0"
      }
    },
    "vue-tsc": {
      "version": "1.0.9",
      "resolved": "https://artifactory.g.devqa.gcp.dev.paypalinc.com/artifactory/api/npm/npm-all/vue-tsc/-/vue-tsc-1.0.9.tgz",
      "integrity": "sha1-fTiOwwl7ycF4nVdFqXxgghevSHM=",
      "dev": true,
      "requires": {
        "@volar/vue-language-core": "1.0.9",
        "@volar/vue-typescript": "1.0.9"
      }
    },
    "xtend": {
      "version": "4.0.2",
      "resolved": "https://artifactory.g.devqa.gcp.dev.paypalinc.com/artifactory/api/npm/npm-all/xtend/-/xtend-4.0.2.tgz",
      "integrity": "sha1-u3J3n1+kZRhrH0OPZ0+jR/2121Q=",
      "dev": true
    },
    "yaml": {
      "version": "1.10.2",
      "resolved": "https://artifactory.g.devqa.gcp.dev.paypalinc.com/artifactory/api/npm/npm-all/yaml/-/yaml-1.10.2.tgz",
      "integrity": "sha1-IwHF/78StGfejaIzOkWeKeeSDks=",
      "dev": true
    }
  }
}
